
Microsoft Visual Studio Solution File, Format Version 12.00
# Visual Studio Version 16
VisualStudioVersion = 16.0.29009.5
MinimumVisualStudioVersion = 10.0.40219.1
Project("{9A19103F-16F7-4668-BE54-9A1E7A4F7556}") = "Api", "HttpApi\HttpApi.csproj", "{2FBE58BA-F24E-402C-AF15-1B8E5E892203}"
EndProject
Project("{FAE04EC0-301F-11D3-BF4B-00C04F79EFBC}") = "BusinessLogic", "BusinessLogic\BusinessLogic.csproj", "{5AA5CBB5-70FD-42BF-B6AD-DC4A710B9EDC}"
EndProject
Project("{FAE04EC0-301F-11D3-BF4B-00C04F79EFBC}") = "NoSqlDatabase", "NoSqlDatabase\NoSqlDatabase.csproj", "{7823F7BD-F80E-45E8-9401-EC896D3456CF}"
EndProject
Global
	GlobalSection(SolutionConfigurationPlatforms) = preSolution
		Debug|Any CPU = Debug|Any CPU
		Release|Any CPU = Release|Any CPU
	EndGlobalSection
	GlobalSection(ProjectConfigurationPlatforms) = postSolution
		{2FBE58BA-F24E-402C-AF15-1B8E5E892203}.Debug|Any CPU.ActiveCfg = Debug|Any CPU
		{2FBE58BA-F24E-402C-AF15-1B8E5E892203}.Debug|Any CPU.Build.0 = Debug|Any CPU
		{2FBE58BA-F24E-402C-AF15-1B8E5E892203}.Release|Any CPU.ActiveCfg = Release|Any CPU
		{2FBE58BA-F24E-402C-AF15-1B8E5E892203}.Release|Any CPU.Build.0 = Release|Any CPU
		{5AA5CBB5-70FD-42BF-B6AD-DC4A710B9EDC}.Debug|Any CPU.ActiveCfg = Debug|Any CPU
		{5AA5CBB5-70FD-42BF-B6AD-DC4A710B9EDC}.Debug|Any CPU.Build.0 = Debug|Any CPU
		{5AA5CBB5-70FD-42BF-B6AD-DC4A710B9EDC}.Release|Any CPU.ActiveCfg = Release|Any CPU
		{5AA5CBB5-70FD-42BF-B6AD-DC4A710B9EDC}.Release|Any CPU.Build.0 = Release|Any CPU
		{7823F7BD-F80E-45E8-9401-EC896D3456CF}.Debug|Any CPU.ActiveCfg = Debug|Any CPU
		{7823F7BD-F80E-45E8-9401-EC896D3456CF}.Debug|Any CPU.Build.0 = Debug|Any CPU
		{7823F7BD-F80E-45E8-9401-EC896D3456CF}.Release|Any CPU.ActiveCfg = Release|Any CPU
		{7823F7BD-F80E-45E8-9401-EC896D3456CF}.Release|Any CPU.Build.0 = Release|Any CPU
	EndGlobalSection
	GlobalSection(SolutionProperties) = preSolution
		HideSolutionNode = FALSE
	EndGlobalSection
	GlobalSection(ExtensibilityGlobals) = postSolution
		SolutionGuid = {825FF7B4-C8F7-43A1-9B3F-C40AE4735AB8}
	EndGlobalSection
EndGlobal
